
Microsoft Visual Studio Solution File, Format Version 12.00
# Visual Studio Version 17
VisualStudioVersion = 17.14.37111.16 d17.14
MinimumVisualStudioVersion = 10.0.40219.1
Project("{FAE04EC0-301F-11D3-BF4B-00C04F79EFBC}") = "WpfApp1337", "WpfApp1337\WpfApp1337.csproj", "{D649100A-67A3-4B66-B488-C57AF0B33CCB}"
EndProject
Project("{FAE04EC0-301F-11D3-BF4B-00C04F79EFBC}") = "WpfApp1337.Tests", "WpfApp1337.Tests\WpfApp1337.Tests.csproj", "{A553A10E-B7D0-48E3-964A-CD7994551695}"
EndProject
Global
	GlobalSection(SolutionConfigurationPlatforms) = preSolution
		Debug|Any CPU = Debug|Any CPU
		Release|Any CPU = Release|Any CPU
	EndGlobalSection
	GlobalSection(ProjectConfigurationPlatforms) = postSolution
		{D649100A-67A3-4B66-B488-C57AF0B33CCB}.Debug|Any CPU.ActiveCfg = Debug|Any CPU
		{D649100A-67A3-4B66-B488-C57AF0B33CCB}.Debug|Any CPU.Build.0 = Debug|Any CPU
		{D649100A-67A3-4B66-B488-C57AF0B33CCB}.Release|Any CPU.ActiveCfg = Release|Any CPU
		{D649100A-67A3-4B66-B488-C57AF0B33CCB}.Release|Any CPU.Build.0 = Release|Any CPU
		{A553A10E-B7D0-48E3-964A-CD7994551695}.Debug|Any CPU.ActiveCfg = Debug|Any CPU
		{A553A10E-B7D0-48E3-964A-CD7994551695}.Debug|Any CPU.Build.0 = Debug|Any CPU
		{A553A10E-B7D0-48E3-964A-CD7994551695}.Release|Any CPU.ActiveCfg = Release|Any CPU
		{A553A10E-B7D0-48E3-964A-CD7994551695}.Release|Any CPU.Build.0 = Release|Any CPU
	EndGlobalSection
	GlobalSection(SolutionProperties) = preSolution
		HideSolutionNode = FALSE
	EndGlobalSection
	GlobalSection(ExtensibilityGlobals) = postSolution
		SolutionGuid = {1A3C8BE1-D877-4180-912A-E59597817E79}
	EndGlobalSection
EndGlobal
